
Microsoft Visual Studio Solution File, Format Version 12.00
# Visual Studio Version 17
VisualStudioVersion = 17.3.32922.545
MinimumVisualStudioVersion = 10.0.40219.1
Project("{FAE04EC0-301F-11D3-BF4B-00C04F79EFBC}") = "批量文件重命名", "批量文件重命名.csproj", "{657F082A-F5B0-49A3-992F-769EF4F71860}"
EndProject
Global
	GlobalSection(SolutionConfigurationPlatforms) = preSolution
		Debug|Any CPU = Debug|Any CPU
		Release|Any CPU = Release|Any CPU
	EndGlobalSection
	GlobalSection(ProjectConfigurationPlatforms) = postSolution
		{657F082A-F5B0-49A3-992F-769EF4F71860}.Debug|Any CPU.ActiveCfg = Debug|Any CPU
		{657F082A-F5B0-49A3-992F-769EF4F71860}.Debug|Any CPU.Build.0 = Debug|Any CPU
		{657F082A-F5B0-49A3-992F-769EF4F71860}.Release|Any CPU.ActiveCfg = Release|Any CPU
		{657F082A-F5B0-49A3-992F-769EF4F71860}.Release|Any CPU.Build.0 = Release|Any CPU
	EndGlobalSection
	GlobalSection(SolutionProperties) = preSolution
		HideSolutionNode = FALSE
	EndGlobalSection
	GlobalSection(ExtensibilityGlobals) = postSolution
		SolutionGuid = {F51F9D10-DCF0-41BD-BF1D-E3789BBF0E10}
	EndGlobalSection
EndGlobal
